
Microsoft Visual Studio Solution File, Format Version 12.00
# Visual Studio Version 17
VisualStudioVersion = 17.1.32210.238
MinimumVisualStudioVersion = 10.0.40219.1
Project("{FAE04EC0-301F-11D3-BF4B-00C04F79EFBC}") = "Api_CongThanhStore", "Api_CongThanhStore\Api_CongThanhStore.csproj", "{2F13CE91-0E80-4C01-A84B-F9E18E3B816E}"
EndProject
Global
	GlobalSection(SolutionConfigurationPlatforms) = preSolution
		Debug|Any CPU = Debug|Any CPU
		Release|Any CPU = Release|Any CPU
	EndGlobalSection
	GlobalSection(ProjectConfigurationPlatforms) = postSolution
		{2F13CE91-0E80-4C01-A84B-F9E18E3B816E}.Debug|Any CPU.ActiveCfg = Debug|Any CPU
		{2F13CE91-0E80-4C01-A84B-F9E18E3B816E}.Debug|Any CPU.Build.0 = Debug|Any CPU
		{2F13CE91-0E80-4C01-A84B-F9E18E3B816E}.Release|Any CPU.ActiveCfg = Release|Any CPU
		{2F13CE91-0E80-4C01-A84B-F9E18E3B816E}.Release|Any CPU.Build.0 = Release|Any CPU
	EndGlobalSection
	GlobalSection(SolutionProperties) = preSolution
		HideSolutionNode = FALSE
	EndGlobalSection
	GlobalSection(ExtensibilityGlobals) = postSolution
		SolutionGuid = {F66A6D9A-100A-46BC-ACB0-7A72A42E7EDA}
	EndGlobalSection
EndGlobal
